
Microsoft Visual Studio Solution File, Format Version 12.00
# Visual Studio Version 17
VisualStudioVersion = 17.0.32112.339
MinimumVisualStudioVersion = 10.0.40219.1
Project("{2150E333-8FDC-42A3-9474-1A3956D46DE8}") = "Services", "Services", "{9AD06AB2-4367-46E5-9841-1B5EBEC8E595}"
EndProject
Project("{2150E333-8FDC-42A3-9474-1A3956D46DE8}") = "Catalog", "Catalog", "{498EF2D1-2DB5-4C41-9BC1-83065E2E5B63}"
EndProject
Project("{FAE04EC0-301F-11D3-BF4B-00C04F79EFBC}") = "Catalog.API", "Services\Catalog\Catalog.API\Catalog.API.csproj", "{5AFF0CDF-EEB6-4F77-B2B9-65C2A38900D1}"
EndProject
Global
	GlobalSection(SolutionConfigurationPlatforms) = preSolution
		Debug|Any CPU = Debug|Any CPU
		Release|Any CPU = Release|Any CPU
	EndGlobalSection
	GlobalSection(ProjectConfigurationPlatforms) = postSolution
		{5AFF0CDF-EEB6-4F77-B2B9-65C2A38900D1}.Debug|Any CPU.ActiveCfg = Debug|Any CPU
		{5AFF0CDF-EEB6-4F77-B2B9-65C2A38900D1}.Debug|Any CPU.Build.0 = Debug|Any CPU
		{5AFF0CDF-EEB6-4F77-B2B9-65C2A38900D1}.Release|Any CPU.ActiveCfg = Release|Any CPU
		{5AFF0CDF-EEB6-4F77-B2B9-65C2A38900D1}.Release|Any CPU.Build.0 = Release|Any CPU
	EndGlobalSection
	GlobalSection(SolutionProperties) = preSolution
		HideSolutionNode = FALSE
	EndGlobalSection
	GlobalSection(NestedProjects) = preSolution
		{498EF2D1-2DB5-4C41-9BC1-83065E2E5B63} = {9AD06AB2-4367-46E5-9841-1B5EBEC8E595}
		{5AFF0CDF-EEB6-4F77-B2B9-65C2A38900D1} = {498EF2D1-2DB5-4C41-9BC1-83065E2E5B63}
	EndGlobalSection
	GlobalSection(ExtensibilityGlobals) = postSolution
		SolutionGuid = {402F7965-4008-4F0D-B799-3DDF03E94DBA}
	EndGlobalSection
EndGlobal
